
Microsoft Visual Studio Solution File, Format Version 12.00
# Visual Studio Version 17
VisualStudioVersion = 17.0.31903.59
MinimumVisualStudioVersion = 10.0.40219.1
Project("{2150E333-8FDC-42A3-9474-1A3956D46DE8}") = "src", "src", "{F875C4A0-DC86-4276-AC2B-280C657CCE34}"
EndProject
Project("{FAE04EC0-301F-11D3-BF4B-00C04F79EFBC}") = "PCVolumeMqtt", "src\PCVolumeMqtt\PCVolumeMqtt.csproj", "{1D40BA29-2C8F-4F3E-9C7D-C4071DDE3973}"
EndProject
Global
	GlobalSection(SolutionConfigurationPlatforms) = preSolution
		Debug|Any CPU = Debug|Any CPU
		Release|Any CPU = Release|Any CPU
	EndGlobalSection
	GlobalSection(SolutionProperties) = preSolution
		HideSolutionNode = FALSE
	EndGlobalSection
	GlobalSection(ProjectConfigurationPlatforms) = postSolution
		{1D40BA29-2C8F-4F3E-9C7D-C4071DDE3973}.Debug|Any CPU.ActiveCfg = Debug|Any CPU
		{1D40BA29-2C8F-4F3E-9C7D-C4071DDE3973}.Debug|Any CPU.Build.0 = Debug|Any CPU
		{1D40BA29-2C8F-4F3E-9C7D-C4071DDE3973}.Release|Any CPU.ActiveCfg = Release|Any CPU
		{1D40BA29-2C8F-4F3E-9C7D-C4071DDE3973}.Release|Any CPU.Build.0 = Release|Any CPU
	EndGlobalSection
	GlobalSection(NestedProjects) = preSolution
		{1D40BA29-2C8F-4F3E-9C7D-C4071DDE3973} = {F875C4A0-DC86-4276-AC2B-280C657CCE34}
	EndGlobalSection
EndGlobal
